
Microsoft Visual Studio Solution File, Format Version 12.00
# Visual Studio Version 17
VisualStudioVersion = 17.11.35312.102
MinimumVisualStudioVersion = 10.0.40219.1
Project("{FAE04EC0-301F-11D3-BF4B-00C04F79EFBC}") = "MaybeFinal", "MaybeFinal\MaybeFinal.csproj", "{6DB09FAA-93DA-44E5-BFFA-77578889859A}"
EndProject
Global
	GlobalSection(SolutionConfigurationPlatforms) = preSolution
		Debug|Any CPU = Debug|Any CPU
		Release|Any CPU = Release|Any CPU
	EndGlobalSection
	GlobalSection(ProjectConfigurationPlatforms) = postSolution
		{6DB09FAA-93DA-44E5-BFFA-77578889859A}.Debug|Any CPU.ActiveCfg = Debug|Any CPU
		{6DB09FAA-93DA-44E5-BFFA-77578889859A}.Debug|Any CPU.Build.0 = Debug|Any CPU
		{6DB09FAA-93DA-44E5-BFFA-77578889859A}.Release|Any CPU.ActiveCfg = Release|Any CPU
		{6DB09FAA-93DA-44E5-BFFA-77578889859A}.Release|Any CPU.Build.0 = Release|Any CPU
	EndGlobalSection
	GlobalSection(SolutionProperties) = preSolution
		HideSolutionNode = FALSE
	EndGlobalSection
	GlobalSection(ExtensibilityGlobals) = postSolution
		SolutionGuid = {8EE8C4F7-61EA-4C68-9816-641F7910AE02}
	EndGlobalSection
EndGlobal
